
Microsoft Visual Studio Solution File, Format Version 12.00
# Visual Studio 14
VisualStudioVersion = 14.0.25420.1
MinimumVisualStudioVersion = 10.0.40219.1
Project("{FAE04EC0-301F-11D3-BF4B-00C04F79EFBC}") = "HandEvaluator", "HandEvaluator\HandEvaluator.csproj", "{57836673-FE81-4367-A4EB-AAA46FB954D2}"
EndProject
Project("{FAE04EC0-301F-11D3-BF4B-00C04F79EFBC}") = "Benchmark", "Benchmark\Benchmark.csproj", "{6FABEBAF-01BB-45FA-B884-ABB3CE3E49B0}"
EndProject
Project("{FAE04EC0-301F-11D3-BF4B-00C04F79EFBC}") = "HandOdds", "HandOdds\HandOdds.csproj", "{94ABB8A4-022E-4E1D-AF07-9DFC8A76F842}"
EndProject
Project("{FAE04EC0-301F-11D3-BF4B-00C04F79EFBC}") = "OddsGrid", "OddsGrid\OddsGrid.csproj", "{76A01AD0-F7B1-4C2E-B2A1-C1462333F7E0}"
EndProject
Project("{FAE04EC0-301F-11D3-BF4B-00C04F79EFBC}") = "OddsGridApp", "OddsGridApp\OddsGridApp.csproj", "{62B463C7-2961-4E49-8D41-276365068975}"
EndProject
Project("{FAE04EC0-301F-11D3-BF4B-00C04F79EFBC}") = "CardVectorImage", "CardVectorImage\CardVectorImage.csproj", "{ED3398F1-8A00-41A3-923B-E665EE921440}"
EndProject
Project("{FAE04EC0-301F-11D3-BF4B-00C04F79EFBC}") = "VideoPoker", "VideoPoker\VideoPoker.csproj", "{E28AC9D3-83F1-42AD-884A-A48C5633C327}"
EndProject
Global
	GlobalSection(SolutionConfigurationPlatforms) = preSolution
		Debug|Any CPU = Debug|Any CPU
		Debug|Mixed Platforms = Debug|Mixed Platforms
		Debug|Win32 = Debug|Win32
		Release|Any CPU = Release|Any CPU
		Release|Mixed Platforms = Release|Mixed Platforms
		Release|Win32 = Release|Win32
	EndGlobalSection
	GlobalSection(ProjectConfigurationPlatforms) = postSolution
		{57836673-FE81-4367-A4EB-AAA46FB954D2}.Debug|Any CPU.ActiveCfg = Debug|Any CPU
		{57836673-FE81-4367-A4EB-AAA46FB954D2}.Debug|Any CPU.Build.0 = Debug|Any CPU
		{57836673-FE81-4367-A4EB-AAA46FB954D2}.Debug|Mixed Platforms.ActiveCfg = Debug|Any CPU
		{57836673-FE81-4367-A4EB-AAA46FB954D2}.Debug|Mixed Platforms.Build.0 = Debug|Any CPU
		{57836673-FE81-4367-A4EB-AAA46FB954D2}.Debug|Win32.ActiveCfg = Debug|Any CPU
		{57836673-FE81-4367-A4EB-AAA46FB954D2}.Release|Any CPU.ActiveCfg = Release|Any CPU
		{57836673-FE81-4367-A4EB-AAA46FB954D2}.Release|Any CPU.Build.0 = Release|Any CPU
		{57836673-FE81-4367-A4EB-AAA46FB954D2}.Release|Mixed Platforms.ActiveCfg = Release|Any CPU
		{57836673-FE81-4367-A4EB-AAA46FB954D2}.Release|Mixed Platforms.Build.0 = Release|Any CPU
		{57836673-FE81-4367-A4EB-AAA46FB954D2}.Release|Win32.ActiveCfg = Release|Any CPU
		{6FABEBAF-01BB-45FA-B884-ABB3CE3E49B0}.Debug|Any CPU.ActiveCfg = Debug|Any CPU
		{6FABEBAF-01BB-45FA-B884-ABB3CE3E49B0}.Debug|Any CPU.Build.0 = Debug|Any CPU
		{6FABEBAF-01BB-45FA-B884-ABB3CE3E49B0}.Debug|Mixed Platforms.ActiveCfg = Debug|Any CPU
		{6FABEBAF-01BB-45FA-B884-ABB3CE3E49B0}.Debug|Mixed Platforms.Build.0 = Debug|Any CPU
		{6FABEBAF-01BB-45FA-B884-ABB3CE3E49B0}.Debug|Win32.ActiveCfg = Debug|Any CPU
		{6FABEBAF-01BB-45FA-B884-ABB3CE3E49B0}.Release|Any CPU.ActiveCfg = Release|Any CPU
		{6FABEBAF-01BB-45FA-B884-ABB3CE3E49B0}.Release|Any CPU.Build.0 = Release|Any CPU
		{6FABEBAF-01BB-45FA-B884-ABB3CE3E49B0}.Release|Mixed Platforms.ActiveCfg = Release|Any CPU
		{6FABEBAF-01BB-45FA-B884-ABB3CE3E49B0}.Release|Mixed Platforms.Build.0 = Release|Any CPU
		{6FABEBAF-01BB-45FA-B884-ABB3CE3E49B0}.Release|Win32.ActiveCfg = Release|Any CPU
		{94ABB8A4-022E-4E1D-AF07-9DFC8A76F842}.Debug|Any CPU.ActiveCfg = Debug|Any CPU
		{94ABB8A4-022E-4E1D-AF07-9DFC8A76F842}.Debug|Any CPU.Build.0 = Debug|Any CPU
		{94ABB8A4-022E-4E1D-AF07-9DFC8A76F842}.Debug|Mixed Platforms.ActiveCfg = Debug|Any CPU
		{94ABB8A4-022E-4E1D-AF07-9DFC8A76F842}.Debug|Mixed Platforms.Build.0 = Debug|Any CPU
		{94ABB8A4-022E-4E1D-AF07-9DFC8A76F842}.Debug|Win32.ActiveCfg = Debug|Any CPU
		{94ABB8A4-022E-4E1D-AF07-9DFC8A76F842}.Release|Any CPU.ActiveCfg = Release|Any CPU
		{94ABB8A4-022E-4E1D-AF07-9DFC8A76F842}.Release|Any CPU.Build.0 = Release|Any CPU
		{94ABB8A4-022E-4E1D-AF07-9DFC8A76F842}.Release|Mixed Platforms.ActiveCfg = Release|Any CPU
		{94ABB8A4-022E-4E1D-AF07-9DFC8A76F842}.Release|Mixed Platforms.Build.0 = Release|Any CPU
		{94ABB8A4-022E-4E1D-AF07-9DFC8A76F842}.Release|Win32.ActiveCfg = Release|Any CPU
		{76A01AD0-F7B1-4C2E-B2A1-C1462333F7E0}.Debug|Any CPU.ActiveCfg = Debug|Any CPU
		{76A01AD0-F7B1-4C2E-B2A1-C1462333F7E0}.Debug|Any CPU.Build.0 = Debug|Any CPU
		{76A01AD0-F7B1-4C2E-B2A1-C1462333F7E0}.Debug|Mixed Platforms.ActiveCfg = Debug|Any CPU
		{76A01AD0-F7B1-4C2E-B2A1-C1462333F7E0}.Debug|Mixed Platforms.Build.0 = Debug|Any CPU
		{76A01AD0-F7B1-4C2E-B2A1-C1462333F7E0}.Debug|Win32.ActiveCfg = Debug|Any CPU
		{76A01AD0-F7B1-4C2E-B2A1-C1462333F7E0}.Release|Any CPU.ActiveCfg = Release|Any CPU
		{76A01AD0-F7B1-4C2E-B2A1-C1462333F7E0}.Release|Any CPU.Build.0 = Release|Any CPU
		{76A01AD0-F7B1-4C2E-B2A1-C1462333F7E0}.Release|Mixed Platforms.ActiveCfg = Release|Any CPU
		{76A01AD0-F7B1-4C2E-B2A1-C1462333F7E0}.Release|Mixed Platforms.Build.0 = Release|Any CPU
		{76A01AD0-F7B1-4C2E-B2A1-C1462333F7E0}.Release|Win32.ActiveCfg = Release|Any CPU
		{62B463C7-2961-4E49-8D41-276365068975}.Debug|Any CPU.ActiveCfg = Debug|Any CPU
		{62B463C7-2961-4E49-8D41-276365068975}.Debug|Any CPU.Build.0 = Debug|Any CPU
		{62B463C7-2961-4E49-8D41-276365068975}.Debug|Mixed Platforms.ActiveCfg = Debug|Any CPU
		{62B463C7-2961-4E49-8D41-276365068975}.Debug|Mixed Platforms.Build.0 = Debug|Any CPU
		{62B463C7-2961-4E49-8D41-276365068975}.Debug|Win32.ActiveCfg = Debug|Any CPU
		{62B463C7-2961-4E49-8D41-276365068975}.Release|Any CPU.ActiveCfg = Release|Any CPU
		{62B463C7-2961-4E49-8D41-276365068975}.Release|Any CPU.Build.0 = Release|Any CPU
		{62B463C7-2961-4E49-8D41-276365068975}.Release|Mixed Platforms.ActiveCfg = Release|Any CPU
		{62B463C7-2961-4E49-8D41-276365068975}.Release|Mixed Platforms.Build.0 = Release|Any CPU
		{62B463C7-2961-4E49-8D41-276365068975}.Release|Win32.ActiveCfg = Release|Any CPU
		{ED3398F1-8A00-41A3-923B-E665EE921440}.Debug|Any CPU.ActiveCfg = Debug|Any CPU
		{ED3398F1-8A00-41A3-923B-E665EE921440}.Debug|Any CPU.Build.0 = Debug|Any CPU
		{ED3398F1-8A00-41A3-923B-E665EE921440}.Debug|Mixed Platforms.ActiveCfg = Debug|Any CPU
		{ED3398F1-8A00-41A3-923B-E665EE921440}.Debug|Mixed Platforms.Build.0 = Debug|Any CPU
		{ED3398F1-8A00-41A3-923B-E665EE921440}.Debug|Win32.ActiveCfg = Debug|Any CPU
		{ED3398F1-8A00-41A3-923B-E665EE921440}.Release|Any CPU.ActiveCfg = Release|Any CPU
		{ED3398F1-8A00-41A3-923B-E665EE921440}.Release|Any CPU.Build.0 = Release|Any CPU
		{ED3398F1-8A00-41A3-923B-E665EE921440}.Release|Mixed Platforms.ActiveCfg = Release|Any CPU
		{ED3398F1-8A00-41A3-923B-E665EE921440}.Release|Mixed Platforms.Build.0 = Release|Any CPU
		{ED3398F1-8A00-41A3-923B-E665EE921440}.Release|Win32.ActiveCfg = Release|Any CPU
		{E28AC9D3-83F1-42AD-884A-A48C5633C327}.Debug|Any CPU.ActiveCfg = Debug|Any CPU
		{E28AC9D3-83F1-42AD-884A-A48C5633C327}.Debug|Any CPU.Build.0 = Debug|Any CPU
		{E28AC9D3-83F1-42AD-884A-A48C5633C327}.Debug|Mixed Platforms.ActiveCfg = Debug|Any CPU
		{E28AC9D3-83F1-42AD-884A-A48C5633C327}.Debug|Mixed Platforms.Build.0 = Debug|Any CPU
		{E28AC9D3-83F1-42AD-884A-A48C5633C327}.Debug|Win32.ActiveCfg = Debug|Any CPU
		{E28AC9D3-83F1-42AD-884A-A48C5633C327}.Release|Any CPU.ActiveCfg = Release|Any CPU
		{E28AC9D3-83F1-42AD-884A-A48C5633C327}.Release|Any CPU.Build.0 = Release|Any CPU
		{E28AC9D3-83F1-42AD-884A-A48C5633C327}.Release|Mixed Platforms.ActiveCfg = Release|Any CPU
		{E28AC9D3-83F1-42AD-884A-A48C5633C327}.Release|Mixed Platforms.Build.0 = Release|Any CPU
		{E28AC9D3-83F1-42AD-884A-A48C5633C327}.Release|Win32.ActiveCfg = Release|Any CPU
	EndGlobalSection
	GlobalSection(SolutionProperties) = preSolution
		HideSolutionNode = FALSE
	EndGlobalSection
	GlobalSection(DPCodeReviewSolutionGUID) = preSolution
		DPCodeReviewSolutionGUID = {567960B2-796D-4499-B889-A882B467FE7A}
	EndGlobalSection
EndGlobal
